// !$*UTF8*$!
{
	archiveVersion = 1;
	classes = {
	};
	objectVersion = 50;
	objects = {

/* Begin PBXBuildFile section */
		A122632C2689BEFF00E7B78E /* AvocadosApp.swift in Sources */ = {isa = PBXBuildFile; fileRef = A122632B2689BEFF00E7B78E /* AvocadosApp.swift */; };
		A122632E2689BEFF00E7B78E /* ContentView.swift in Sources */ = {isa = PBXBuildFile; fileRef = A122632D2689BEFF00E7B78E /* ContentView.swift */; };
		A12263302689BEFF00E7B78E /* Assets.xcassets in Resources */ = {isa = PBXBuildFile; fileRef = A122632F2689BEFF00E7B78E /* Assets.xcassets */; };
		A12263332689BEFF00E7B78E /* Preview Assets.xcassets in Resources */ = {isa = PBXBuildFile; fileRef = A12263322689BEFF00E7B78E /* Preview Assets.xcassets */; };
		A122633F2689D81F00E7B78E /* AppView.swift in Sources */ = {isa = PBXBuildFile; fileRef = A122633E2689D81F00E7B78E /* AppView.swift */; };
		A12263412689D83B00E7B78E /* AvocadosView.swift in Sources */ = {isa = PBXBuildFile; fileRef = A12263402689D83B00E7B78E /* AvocadosView.swift */; };
		A12263432689D85400E7B78E /* SettingsView.swift in Sources */ = {isa = PBXBuildFile; fileRef = A12263422689D85400E7B78E /* SettingsView.swift */; };
		A12263452689D86900E7B78E /* RipeningStageView.swift in Sources */ = {isa = PBXBuildFile; fileRef = A12263442689D86900E7B78E /* RipeningStageView.swift */; };
		A1E29DA0268AF80C00A703B3 /* HeaderView.swift in Sources */ = {isa = PBXBuildFile; fileRef = A1E29D9F268AF80C00A703B3 /* HeaderView.swift */; };
		A1E29DA2268B179E00A703B3 /* HeaderModel.swift in Sources */ = {isa = PBXBuildFile; fileRef = A1E29DA1268B179E00A703B3 /* HeaderModel.swift */; };
		A1E29DA4268B180400A703B3 /* HeaderData.swift in Sources */ = {isa = PBXBuildFile; fileRef = A1E29DA3268B180400A703B3 /* HeaderData.swift */; };
		A1E29DA6268B1D1A00A703B3 /* DishesView.swift in Sources */ = {isa = PBXBuildFile; fileRef = A1E29DA5268B1D1A00A703B3 /* DishesView.swift */; };
		A1E29DA8268B25C000A703B3 /* FactsView.swift in Sources */ = {isa = PBXBuildFile; fileRef = A1E29DA7268B25C000A703B3 /* FactsView.swift */; };
		A1E29DAA268B575C00A703B3 /* FactModel.swift in Sources */ = {isa = PBXBuildFile; fileRef = A1E29DA9268B575C00A703B3 /* FactModel.swift */; };
		A1E29DAC268B57AD00A703B3 /* FactData.swift in Sources */ = {isa = PBXBuildFile; fileRef = A1E29DAB268B57AD00A703B3 /* FactData.swift */; };
		A1E29DAE268B5A5C00A703B3 /* RecipeModel.swift in Sources */ = {isa = PBXBuildFile; fileRef = A1E29DAD268B5A5C00A703B3 /* RecipeModel.swift */; };
		A1E29DB0268B5BBA00A703B3 /* RecipeData.swift in Sources */ = {isa = PBXBuildFile; fileRef = A1E29DAF268B5BBA00A703B3 /* RecipeData.swift */; };
		A1E29DB2268B5C0B00A703B3 /* RecipeCardView.swift in Sources */ = {isa = PBXBuildFile; fileRef = A1E29DB1268B5C0B00A703B3 /* RecipeCardView.swift */; };
		A1E29DB4268B677500A703B3 /* RecipeRatingView.swift in Sources */ = {isa = PBXBuildFile; fileRef = A1E29DB3268B677500A703B3 /* RecipeRatingView.swift */; };
		A1E29DB6268B678600A703B3 /* RecipeCookingView.swift in Sources */ = {isa = PBXBuildFile; fileRef = A1E29DB5268B678600A703B3 /* RecipeCookingView.swift */; };
		A1E29DB8268B688500A703B3 /* RecipeDetailView.swift in Sources */ = {isa = PBXBuildFile; fileRef = A1E29DB7268B688500A703B3 /* RecipeDetailView.swift */; };
		A1E29DBA268C624000A703B3 /* RipeningView.swift in Sources */ = {isa = PBXBuildFile; fileRef = A1E29DB9268C624000A703B3 /* RipeningView.swift */; };
		A1E29DBC268C6D0F00A703B3 /* RipeningModel.swift in Sources */ = {isa = PBXBuildFile; fileRef = A1E29DBB268C6D0F00A703B3 /* RipeningModel.swift */; };
		A1E29DBE268C6D8000A703B3 /* RipeningData.swift in Sources */ = {isa = PBXBuildFile; fileRef = A1E29DBD268C6D8000A703B3 /* RipeningData.swift */; };
/* End PBXBuildFile section */

/* Begin PBXFileReference section */
		A12263282689BEFF00E7B78E /* Avocados.app */ = {isa = PBXFileReference; explicitFileType = wrapper.application; includeInIndex = 0; path = Avocados.app; sourceTree = BUILT_PRODUCTS_DIR; };
		A122632B2689BEFF00E7B78E /* AvocadosApp.swift */ = {isa = PBXFileReference; lastKnownFileType = sourcecode.swift; path = AvocadosApp.swift; sourceTree = "<group>"; };
		A122632D2689BEFF00E7B78E /* ContentView.swift */ = {isa = PBXFileReference; lastKnownFileType = sourcecode.swift; path = ContentView.swift; sourceTree = "<group>"; };
		A122632F2689BEFF00E7B78E /* Assets.xcassets */ = {isa = PBXFileReference; lastKnownFileType = folder.assetcatalog; path = Assets.xcassets; sourceTree = "<group>"; };
		A12263322689BEFF00E7B78E /* Preview Assets.xcassets */ = {isa = PBXFileReference; lastKnownFileType = folder.assetcatalog; path = "Preview Assets.xcassets"; sourceTree = "<group>"; };
		A12263342689BEFF00E7B78E /* Info.plist */ = {isa = PBXFileReference; lastKnownFileType = text.plist.xml; path = Info.plist; sourceTree = "<group>"; };
		A122633E2689D81F00E7B78E /* AppView.swift */ = {isa = PBXFileReference; lastKnownFileType = sourcecode.swift; path = AppView.swift; sourceTree = "<group>"; };
		A12263402689D83B00E7B78E /* AvocadosView.swift */ = {isa = PBXFileReference; lastKnownFileType = sourcecode.swift; path = AvocadosView.swift; sourceTree = "<group>"; };
		A12263422689D85400E7B78E /* SettingsView.swift */ = {isa = PBXFileReference; lastKnownFileType = sourcecode.swift; path = SettingsView.swift; sourceTree = "<group>"; };
		A12263442689D86900E7B78E /* RipeningStageView.swift */ = {isa = PBXFileReference; lastKnownFileType = sourcecode.swift; path = RipeningStageView.swift; sourceTree = "<group>"; };
		A1E29D9F268AF80C00A703B3 /* HeaderView.swift */ = {isa = PBXFileReference; lastKnownFileType = sourcecode.swift; path = HeaderView.swift; sourceTree = "<group>"; };
		A1E29DA1268B179E00A703B3 /* HeaderModel.swift */ = {isa = PBXFileReference; lastKnownFileType = sourcecode.swift; path = HeaderModel.swift; sourceTree = "<group>"; };
		A1E29DA3268B180400A703B3 /* HeaderData.swift */ = {isa = PBXFileReference; lastKnownFileType = sourcecode.swift; path = HeaderData.swift; sourceTree = "<group>"; };
		A1E29DA5268B1D1A00A703B3 /* DishesView.swift */ = {isa = PBXFileReference; lastKnownFileType = sourcecode.swift; path = DishesView.swift; sourceTree = "<group>"; };
		A1E29DA7268B25C000A703B3 /* FactsView.swift */ = {isa = PBXFileReference; lastKnownFileType = sourcecode.swift; path = FactsView.swift; sourceTree = "<group>"; };
		A1E29DA9268B575C00A703B3 /* FactModel.swift */ = {isa = PBXFileReference; lastKnownFileType = sourcecode.swift; path = FactModel.swift; sourceTree = "<group>"; };
		A1E29DAB268B57AD00A703B3 /* FactData.swift */ = {isa = PBXFileReference; lastKnownFileType = sourcecode.swift; path = FactData.swift; sourceTree = "<group>"; };
		A1E29DAD268B5A5C00A703B3 /* RecipeModel.swift */ = {isa = PBXFileReference; lastKnownFileType = sourcecode.swift; path = RecipeModel.swift; sourceTree = "<group>"; };
		A1E29DAF268B5BBA00A703B3 /* RecipeData.swift */ = {isa = PBXFileReference; lastKnownFileType = sourcecode.swift; path = RecipeData.swift; sourceTree = "<group>"; };
		A1E29DB1268B5C0B00A703B3 /* RecipeCardView.swift */ = {isa = PBXFileReference; lastKnownFileType = sourcecode.swift; path = RecipeCardView.swift; sourceTree = "<group>"; };
		A1E29DB3268B677500A703B3 /* RecipeRatingView.swift */ = {isa = PBXFileReference; lastKnownFileType = sourcecode.swift; path = RecipeRatingView.swift; sourceTree = "<group>"; };
		A1E29DB5268B678600A703B3 /* RecipeCookingView.swift */ = {isa = PBXFileReference; lastKnownFileType = sourcecode.swift; path = RecipeCookingView.swift; sourceTree = "<group>"; };
		A1E29DB7268B688500A703B3 /* RecipeDetailView.swift */ = {isa = PBXFileReference; lastKnownFileType = sourcecode.swift; path = RecipeDetailView.swift; sourceTree = "<group>"; };
		A1E29DB9268C624000A703B3 /* RipeningView.swift */ = {isa = PBXFileReference; lastKnownFileType = sourcecode.swift; path = RipeningView.swift; sourceTree = "<group>"; };
		A1E29DBB268C6D0F00A703B3 /* RipeningModel.swift */ = {isa = PBXFileReference; lastKnownFileType = sourcecode.swift; path = RipeningModel.swift; sourceTree = "<group>"; };
		A1E29DBD268C6D8000A703B3 /* RipeningData.swift */ = {isa = PBXFileReference; lastKnownFileType = sourcecode.swift; path = RipeningData.swift; sourceTree = "<group>"; };
/* End PBXFileReference section */

/* Begin PBXFrameworksBuildPhase section */
		A12263252689BEFF00E7B78E /* Frameworks */ = {
			isa = PBXFrameworksBuildPhase;
			buildActionMask = 2147483647;
			files = (
			);
			runOnlyForDeploymentPostprocessing = 0;
		};
/* End PBXFrameworksBuildPhase section */

/* Begin PBXGroup section */
		A122631F2689BEFF00E7B78E = {
			isa = PBXGroup;
			children = (
				A122632A2689BEFF00E7B78E /* Avocados */,
				A12263292689BEFF00E7B78E /* Products */,
			);
			sourceTree = "<group>";
		};
		A12263292689BEFF00E7B78E /* Products */ = {
			isa = PBXGroup;
			children = (
				A12263282689BEFF00E7B78E /* Avocados.app */,
			);
			name = Products;
			sourceTree = "<group>";
		};
		A122632A2689BEFF00E7B78E /* Avocados */ = {
			isa = PBXGroup;
			children = (
				A122632B2689BEFF00E7B78E /* AvocadosApp.swift */,
				A122633D2689D7DE00E7B78E /* Data */,
				A122633C2689D7D500E7B78E /* Model */,
				A122633B2689D7CF00E7B78E /* View */,
				A122632F2689BEFF00E7B78E /* Assets.xcassets */,
				A12263342689BEFF00E7B78E /* Info.plist */,
				A12263312689BEFF00E7B78E /* Preview Content */,
			);
			path = Avocados;
			sourceTree = "<group>";
		};
		A12263312689BEFF00E7B78E /* Preview Content */ = {
			isa = PBXGroup;
			children = (
				A12263322689BEFF00E7B78E /* Preview Assets.xcassets */,
			);
			path = "Preview Content";
			sourceTree = "<group>";
		};
		A122633B2689D7CF00E7B78E /* View */ = {
			isa = PBXGroup;
			children = (
				A122632D2689BEFF00E7B78E /* ContentView.swift */,
				A1E29DB7268B688500A703B3 /* RecipeDetailView.swift */,
				A1E29DA7268B25C000A703B3 /* FactsView.swift */,
				A1E29DB1268B5C0B00A703B3 /* RecipeCardView.swift */,
				A1E29DA5268B1D1A00A703B3 /* DishesView.swift */,
				A122633E2689D81F00E7B78E /* AppView.swift */,
				A12263402689D83B00E7B78E /* AvocadosView.swift */,
				A12263422689D85400E7B78E /* SettingsView.swift */,
				A1E29DB9268C624000A703B3 /* RipeningView.swift */,
				A1E29D9F268AF80C00A703B3 /* HeaderView.swift */,
				A12263442689D86900E7B78E /* RipeningStageView.swift */,
				A1E29DB3268B677500A703B3 /* RecipeRatingView.swift */,
				A1E29DB5268B678600A703B3 /* RecipeCookingView.swift */,
			);
			path = View;
			sourceTree = "<group>";
		};
		A122633C2689D7D500E7B78E /* Model */ = {
			isa = PBXGroup;
			children = (
				A1E29DA1268B179E00A703B3 /* HeaderModel.swift */,
				A1E29DBB268C6D0F00A703B3 /* RipeningModel.swift */,
				A1E29DA9268B575C00A703B3 /* FactModel.swift */,
				A1E29DAD268B5A5C00A703B3 /* RecipeModel.swift */,
			);
			path = Model;
			sourceTree = "<group>";
		};
		A122633D2689D7DE00E7B78E /* Data */ = {
			isa = PBXGroup;
			children = (
				A1E29DA3268B180400A703B3 /* HeaderData.swift */,
				A1E29DAB268B57AD00A703B3 /* FactData.swift */,
				A1E29DBD268C6D8000A703B3 /* RipeningData.swift */,
				A1E29DAF268B5BBA00A703B3 /* RecipeData.swift */,
			);
			path = Data;
			sourceTree = "<group>";
		};
/* End PBXGroup section */

/* Begin PBXNativeTarget section */
		A12263272689BEFF00E7B78E /* Avocados */ = {
			isa = PBXNativeTarget;
			buildConfigurationList = A12263372689BEFF00E7B78E /* Build configuration list for PBXNativeTarget "Avocados" */;
			buildPhases = (
				A12263242689BEFF00E7B78E /* Sources */,
				A12263252689BEFF00E7B78E /* Frameworks */,
				A12263262689BEFF00E7B78E /* Resources */,
			);
			buildRules = (
			);
			dependencies = (
			);
			name = Avocados;
			productName = Avocados;
			productReference = A12263282689BEFF00E7B78E /* Avocados.app */;
			productType = "com.apple.product-type.application";
		};
/* End PBXNativeTarget section */

/* Begin PBXProject section */
		A12263202689BEFF00E7B78E /* Project object */ = {
			isa = PBXProject;
			attributes = {
				LastSwiftUpdateCheck = 1250;
				LastUpgradeCheck = 1250;
				TargetAttributes = {
					A12263272689BEFF00E7B78E = {
						CreatedOnToolsVersion = 12.5.1;
					};
				};
			};
			buildConfigurationList = A12263232689BEFF00E7B78E /* Build configuration list for PBXProject "Avocados" */;
			compatibilityVersion = "Xcode 9.3";
			developmentRegion = en;
			hasScannedForEncodings = 0;
			knownRegions = (
				en,
				Base,
			);
			mainGroup = A122631F2689BEFF00E7B78E;
			productRefGroup = A12263292689BEFF00E7B78E /* Products */;
			projectDirPath = "";
			projectRoot = "";
			targets = (
				A12263272689BEFF00E7B78E /* Avocados */,
			);
		};
/* End PBXProject section */

/* Begin PBXResourcesBuildPhase section */
		A12263262689BEFF00E7B78E /* Resources */ = {
			isa = PBXResourcesBuildPhase;
			buildActionMask = 2147483647;
			files = (
				A12263332689BEFF00E7B78E /* Preview Assets.xcassets in Resources */,
				A12263302689BEFF00E7B78E /* Assets.xcassets in Resources */,
			);
			runOnlyForDeploymentPostprocessing = 0;
		};
/* End PBXResourcesBuildPhase section */

/* Begin PBXSourcesBuildPhase section */
		A12263242689BEFF00E7B78E /* Sources */ = {
			isa = PBXSourcesBuildPhase;
			buildActionMask = 2147483647;
			files = (
				A12263412689D83B00E7B78E /* AvocadosView.swift in Sources */,
				A1E29DB4268B677500A703B3 /* RecipeRatingView.swift in Sources */,
				A1E29DBC268C6D0F00A703B3 /* RipeningModel.swift in Sources */,
				A12263452689D86900E7B78E /* RipeningStageView.swift in Sources */,
				A122632E2689BEFF00E7B78E /* ContentView.swift in Sources */,
				A1E29DBE268C6D8000A703B3 /* RipeningData.swift in Sources */,
				A122632C2689BEFF00E7B78E /* AvocadosApp.swift in Sources */,
				A1E29DAC268B57AD00A703B3 /* FactData.swift in Sources */,
				A122633F2689D81F00E7B78E /* AppView.swift in Sources */,
				A12263432689D85400E7B78E /* SettingsView.swift in Sources */,
				A1E29DAE268B5A5C00A703B3 /* RecipeModel.swift in Sources */,
				A1E29DA2268B179E00A703B3 /* HeaderModel.swift in Sources */,
				A1E29DA4268B180400A703B3 /* HeaderData.swift in Sources */,
				A1E29DB6268B678600A703B3 /* RecipeCookingView.swift in Sources */,
				A1E29DBA268C624000A703B3 /* RipeningView.swift in Sources */,
				A1E29DA6268B1D1A00A703B3 /* DishesView.swift in Sources */,
				A1E29DAA268B575C00A703B3 /* FactModel.swift in Sources */,
				A1E29DB2268B5C0B00A703B3 /* RecipeCardView.swift in Sources */,
				A1E29DB0268B5BBA00A703B3 /* RecipeData.swift in Sources */,
				A1E29DA8268B25C000A703B3 /* FactsView.swift in Sources */,
				A1E29DB8268B688500A703B3 /* RecipeDetailView.swift in Sources */,
				A1E29DA0268AF80C00A703B3 /* HeaderView.swift in Sources */,
			);
			runOnlyForDeploymentPostprocessing = 0;
		};
/* End PBXSourcesBuildPhase section */

/* Begin XCBuildConfiguration section */
		A12263352689BEFF00E7B78E /* Debug */ = {
			isa = XCBuildConfiguration;
			buildSettings = {
				ALWAYS_SEARCH_USER_PATHS = NO;
				CLANG_ANALYZER_NONNULL = YES;
				CLANG_ANALYZER_NUMBER_OBJECT_CONVERSION = YES_AGGRESSIVE;
				CLANG_CXX_LANGUAGE_STANDARD = "gnu++14";
				CLANG_CXX_LIBRARY = "libc++";
				CLANG_ENABLE_MODULES = YES;
				CLANG_ENABLE_OBJC_ARC = YES;
				CLANG_ENABLE_OBJC_WEAK = YES;
				CLANG_WARN_BLOCK_CAPTURE_AUTORELEASING = YES;
				CLANG_WARN_BOOL_CONVERSION = YES;
				CLANG_WARN_COMMA = YES;
				CLANG_WARN_CONSTANT_CONVERSION = YES;
				CLANG_WARN_DEPRECATED_OBJC_IMPLEMENTATIONS = YES;
				CLANG_WARN_DIRECT_OBJC_ISA_USAGE = YES_ERROR;
				CLANG_WARN_DOCUMENTATION_COMMENTS = YES;
				CLANG_WARN_EMPTY_BODY = YES;
				CLANG_WARN_ENUM_CONVERSION = YES;
				CLANG_WARN_INFINITE_RECURSION = YES;
				CLANG_WARN_INT_CONVERSION = YES;
				CLANG_WARN_NON_LITERAL_NULL_CONVERSION = YES;
				CLANG_WARN_OBJC_IMPLICIT_RETAIN_SELF = YES;
				CLANG_WARN_OBJC_LITERAL_CONVERSION = YES;
				CLANG_WARN_OBJC_ROOT_CLASS = YES_ERROR;
				CLANG_WARN_QUOTED_INCLUDE_IN_FRAMEWORK_HEADER = YES;
				CLANG_WARN_RANGE_LOOP_ANALYSIS = YES;
				CLANG_WARN_STRICT_PROTOTYPES = YES;
				CLANG_WARN_SUSPICIOUS_MOVE = YES;
				CLANG_WARN_UNGUARDED_AVAILABILITY = YES_AGGRESSIVE;
				CLANG_WARN_UNREACHABLE_CODE = YES;
				CLANG_WARN__DUPLICATE_METHOD_MATCH = YES;
				COPY_PHASE_STRIP = NO;
				DEBUG_INFORMATION_FORMAT = dwarf;
				ENABLE_STRICT_OBJC_MSGSEND = YES;
				ENABLE_TESTABILITY = YES;
				GCC_C_LANGUAGE_STANDARD = gnu11;
				GCC_DYNAMIC_NO_PIC = NO;
				GCC_NO_COMMON_BLOCKS = YES;
				GCC_OPTIMIZATION_LEVEL = 0;
				GCC_PREPROCESSOR_DEFINITIONS = (
					"DEBUG=1",
					"$(inherited)",
				);
				GCC_WARN_64_TO_32_BIT_CONVERSION = YES;
				GCC_WARN_ABOUT_RETURN_TYPE = YES_ERROR;
				GCC_WARN_UNDECLARED_SELECTOR = YES;
				GCC_WARN_UNINITIALIZED_AUTOS = YES_AGGRESSIVE;
				GCC_WARN_UNUSED_FUNCTION = YES;
				GCC_WARN_UNUSED_VARIABLE = YES;
				IPHONEOS_DEPLOYMENT_TARGET = 14.5;
				MTL_ENABLE_DEBUG_INFO = INCLUDE_SOURCE;
				MTL_FAST_MATH = YES;
				ONLY_ACTIVE_ARCH = YES;
				SDKROOT = iphoneos;
				SWIFT_ACTIVE_COMPILATION_CONDITIONS = DEBUG;
				SWIFT_OPTIMIZATION_LEVEL = "-Onone";
			};
			name = Debug;
		};
		A12263362689BEFF00E7B78E /* Release */ = {
			isa = XCBuildConfiguration;
			buildSettings = {
				ALWAYS_SEARCH_USER_PATHS = NO;
				CLANG_ANALYZER_NONNULL = YES;
				CLANG_ANALYZER_NUMBER_OBJECT_CONVERSION = YES_AGGRESSIVE;
				CLANG_CXX_LANGUAGE_STANDARD = "gnu++14";
				CLANG_CXX_LIBRARY = "libc++";
				CLANG_ENABLE_MODULES = YES;
				CLANG_ENABLE_OBJC_ARC = YES;
				CLANG_ENABLE_OBJC_WEAK = YES;
				CLANG_WARN_BLOCK_CAPTURE_AUTORELEASING = YES;
				CLANG_WARN_BOOL_CONVERSION = YES;
				CLANG_WARN_COMMA = YES;
				CLANG_WARN_CONSTANT_CONVERSION = YES;
				CLANG_WARN_DEPRECATED_OBJC_IMPLEMENTATIONS = YES;
				CLANG_WARN_DIRECT_OBJC_ISA_USAGE = YES_ERROR;
				CLANG_WARN_DOCUMENTATION_COMMENTS = YES;
				CLANG_WARN_EMPTY_BODY = YES;
				CLANG_WARN_ENUM_CONVERSION = YES;
				CLANG_WARN_INFINITE_RECURSION = YES;
				CLANG_WARN_INT_CONVERSION = YES;
				CLANG_WARN_NON_LITERAL_NULL_CONVERSION = YES;
				CLANG_WARN_OBJC_IMPLICIT_RETAIN_SELF = YES;
				CLANG_WARN_OBJC_LITERAL_CONVERSION = YES;
				CLANG_WARN_OBJC_ROOT_CLASS = YES_ERROR;
				CLANG_WARN_QUOTED_INCLUDE_IN_FRAMEWORK_HEADER = YES;
				CLANG_WARN_RANGE_LOOP_ANALYSIS = YES;
				CLANG_WARN_STRICT_PROTOTYPES = YES;
				CLANG_WARN_SUSPICIOUS_MOVE = YES;
				CLANG_WARN_UNGUARDED_AVAILABILITY = YES_AGGRESSIVE;
				CLANG_WARN_UNREACHABLE_CODE = YES;
				CLANG_WARN__DUPLICATE_METHOD_MATCH = YES;
				COPY_PHASE_STRIP = NO;
				DEBUG_INFORMATION_FORMAT = "dwarf-with-dsym";
				ENABLE_NS_ASSERTIONS = NO;
				ENABLE_STRICT_OBJC_MSGSEND = YES;
				GCC_C_LANGUAGE_STANDARD = gnu11;
				GCC_NO_COMMON_BLOCKS = YES;
				GCC_WARN_64_TO_32_BIT_CONVERSION = YES;
				GCC_WARN_ABOUT_RETURN_TYPE = YES_ERROR;
				GCC_WARN_UNDECLARED_SELECTOR = YES;
				GCC_WARN_UNINITIALIZED_AUTOS = YES_AGGRESSIVE;
				GCC_WARN_UNUSED_FUNCTION = YES;
				GCC_WARN_UNUSED_VARIABLE = YES;
				IPHONEOS_DEPLOYMENT_TARGET = 14.5;
				MTL_ENABLE_DEBUG_INFO = NO;
				MTL_FAST_MATH = YES;
				SDKROOT = iphoneos;
				SWIFT_COMPILATION_MODE = wholemodule;
				SWIFT_OPTIMIZATION_LEVEL = "-O";
				VALIDATE_PRODUCT = YES;
			};
			name = Release;
		};
		A12263382689BEFF00E7B78E /* Debug */ = {
			isa = XCBuildConfiguration;
			buildSettings = {
				ASSETCATALOG_COMPILER_APPICON_NAME = AppIcon;
				ASSETCATALOG_COMPILER_GLOBAL_ACCENT_COLOR_NAME = AccentColor;
				CODE_SIGN_STYLE = Automatic;
				DEVELOPMENT_ASSET_PATHS = "\"Avocados/Preview Content\"";
				DEVELOPMENT_TEAM = 47Y5S9RJ3A;
				ENABLE_PREVIEWS = YES;
				INFOPLIST_FILE = Avocados/Info.plist;
				IPHONEOS_DEPLOYMENT_TARGET = 14.0;
				LD_RUNPATH_SEARCH_PATHS = (
					"$(inherited)",
					"@executable_path/Frameworks",
				);
				PRODUCT_BUNDLE_IDENTIFIER = com.emilewong.Avocados;
				PRODUCT_NAME = "$(TARGET_NAME)";
				SWIFT_VERSION = 5.0;
				TARGETED_DEVICE_FAMILY = "1,2";
			};
			name = Debug;
		};
		A12263392689BEFF00E7B78E /* Release */ = {
			isa = XCBuildConfiguration;
			buildSettings = {
				ASSETCATALOG_COMPILER_APPICON_NAME = AppIcon;
				ASSETCATALOG_COMPILER_GLOBAL_ACCENT_COLOR_NAME = AccentColor;
				CODE_SIGN_STYLE = Automatic;
				DEVELOPMENT_ASSET_PATHS = "\"Avocados/Preview Content\"";
				DEVELOPMENT_TEAM = 47Y5S9RJ3A;
				ENABLE_PREVIEWS = YES;
				INFOPLIST_FILE = Avocados/Info.plist;
				IPHONEOS_DEPLOYMENT_TARGET = 14.0;
				LD_RUNPATH_SEARCH_PATHS = (
					"$(inherited)",
					"@executable_path/Frameworks",
				);
				PRODUCT_BUNDLE_IDENTIFIER = com.emilewong.Avocados;
				PRODUCT_NAME = "$(TARGET_NAME)";
				SWIFT_VERSION = 5.0;
				TARGETED_DEVICE_FAMILY = "1,2";
			};
			name = Release;
		};
/* End XCBuildConfiguration section */

/* Begin XCConfigurationList section */
		A12263232689BEFF00E7B78E /* Build configuration list for PBXProject "Avocados" */ = {
			isa = XCConfigurationList;
			buildConfigurations = (
				A12263352689BEFF00E7B78E /* Debug */,
				A12263362689BEFF00E7B78E /* Release */,
			);
			defaultConfigurationIsVisible = 0;
			defaultConfigurationName = Release;
		};
		A12263372689BEFF00E7B78E /* Build configuration list for PBXNativeTarget "Avocados" */ = {
			isa = XCConfigurationList;
			buildConfigurations = (
				A12263382689BEFF00E7B78E /* Debug */,
				A12263392689BEFF00E7B78E /* Release */,
			);
			defaultConfigurationIsVisible = 0;
			defaultConfigurationName = Release;
		};
/* End XCConfigurationList section */
	};
	rootObject = A12263202689BEFF00E7B78E /* Project object */;
}
